# THIS IS AN AUTOGENERATED FILE. DO NOT EDIT THIS FILE DIRECTLY.
# yarn lockfile v1


vuetify@^2.3.21:
  version "2.3.21"
  resolved "https://registry.yarnpkg.com/vuetify/-/vuetify-2.3.21.tgz#b3779a13aa9650b4aff885ef8875e5c2d204d160"
  integrity sha512-c9FOjkpVPDoIim88wbfqSIuCsH3jtgQQBC1iMW+ZFxf/Bj+d73HySL2LhEnZwAQT7XTAUGfad4aLPfcNZzK5YQ==
